
Microsoft Visual Studio Solution File, Format Version 12.00
# Visual Studio Version 17
VisualStudioVersion = 17.14.36015.10
MinimumVisualStudioVersion = 10.0.40219.1
Project("{FAE04EC0-301F-11D3-BF4B-00C04F79EFBC}") = "OrderManagementSystem.Domain", "OnionApiTemplate.Domain\OrderManagementSystem.Domain.csproj", "{576C2321-09BB-4E8A-B387-6D561563CCE9}"
EndProject
Project("{FAE04EC0-301F-11D3-BF4B-00C04F79EFBC}") = "OrderManagementSystem.Infrastructure", "OnionApiTemplate.Infrastructure\OrderManagementSystem.Infrastructure.csproj", "{0BF0D6BD-F4C1-470C-9065-5A86512A9D7C}"
EndProject
Project("{FAE04EC0-301F-11D3-BF4B-00C04F79EFBC}") = "OrderManagementSystem.Application", "OnionApiTemplate.Application\OrderManagementSystem.Application.csproj", "{BEC6924F-2C19-4FA8-9CF6-1705A4995A1E}"
EndProject
Project("{FAE04EC0-301F-11D3-BF4B-00C04F79EFBC}") = "OrderManagementSystem.Presentation", "OnionApiTemplate.Presentation\OrderManagementSystem.Presentation.csproj", "{B715BB0D-1746-4773-B337-A77A6A086D70}"
EndProject
Project("{FAE04EC0-301F-11D3-BF4B-00C04F79EFBC}") = "OrderManagementSystem.API", "OnionApiTemplate.API\OrderManagementSystem.API.csproj", "{6683924B-0159-54EA-BB6D-34E48CBA3FF7}"
EndProject
Global
	GlobalSection(SolutionConfigurationPlatforms) = preSolution
		Debug|Any CPU = Debug|Any CPU
		Release|Any CPU = Release|Any CPU
	EndGlobalSection
	GlobalSection(ProjectConfigurationPlatforms) = postSolution
		{576C2321-09BB-4E8A-B387-6D561563CCE9}.Debug|Any CPU.ActiveCfg = Debug|Any CPU
		{576C2321-09BB-4E8A-B387-6D561563CCE9}.Debug|Any CPU.Build.0 = Debug|Any CPU
		{576C2321-09BB-4E8A-B387-6D561563CCE9}.Release|Any CPU.ActiveCfg = Release|Any CPU
		{576C2321-09BB-4E8A-B387-6D561563CCE9}.Release|Any CPU.Build.0 = Release|Any CPU
		{0BF0D6BD-F4C1-470C-9065-5A86512A9D7C}.Debug|Any CPU.ActiveCfg = Debug|Any CPU
		{0BF0D6BD-F4C1-470C-9065-5A86512A9D7C}.Debug|Any CPU.Build.0 = Debug|Any CPU
		{0BF0D6BD-F4C1-470C-9065-5A86512A9D7C}.Release|Any CPU.ActiveCfg = Release|Any CPU
		{0BF0D6BD-F4C1-470C-9065-5A86512A9D7C}.Release|Any CPU.Build.0 = Release|Any CPU
		{BEC6924F-2C19-4FA8-9CF6-1705A4995A1E}.Debug|Any CPU.ActiveCfg = Debug|Any CPU
		{BEC6924F-2C19-4FA8-9CF6-1705A4995A1E}.Debug|Any CPU.Build.0 = Debug|Any CPU
		{BEC6924F-2C19-4FA8-9CF6-1705A4995A1E}.Release|Any CPU.ActiveCfg = Release|Any CPU
		{BEC6924F-2C19-4FA8-9CF6-1705A4995A1E}.Release|Any CPU.Build.0 = Release|Any CPU
		{B715BB0D-1746-4773-B337-A77A6A086D70}.Debug|Any CPU.ActiveCfg = Debug|Any CPU
		{B715BB0D-1746-4773-B337-A77A6A086D70}.Debug|Any CPU.Build.0 = Debug|Any CPU
		{B715BB0D-1746-4773-B337-A77A6A086D70}.Release|Any CPU.ActiveCfg = Release|Any CPU
		{B715BB0D-1746-4773-B337-A77A6A086D70}.Release|Any CPU.Build.0 = Release|Any CPU
		{6683924B-0159-54EA-BB6D-34E48CBA3FF7}.Debug|Any CPU.ActiveCfg = Debug|Any CPU
		{6683924B-0159-54EA-BB6D-34E48CBA3FF7}.Debug|Any CPU.Build.0 = Debug|Any CPU
		{6683924B-0159-54EA-BB6D-34E48CBA3FF7}.Release|Any CPU.ActiveCfg = Release|Any CPU
		{6683924B-0159-54EA-BB6D-34E48CBA3FF7}.Release|Any CPU.Build.0 = Release|Any CPU
	EndGlobalSection
	GlobalSection(SolutionProperties) = preSolution
		HideSolutionNode = FALSE
	EndGlobalSection
	GlobalSection(ExtensibilityGlobals) = postSolution
		SolutionGuid = {1407323E-308F-409C-8565-4568EED6F670}
	EndGlobalSection
EndGlobal
